
Microsoft Visual Studio Solution File, Format Version 12.00
# Visual Studio Version 16
VisualStudioVersion = 16.0.31321.278
MinimumVisualStudioVersion = 10.0.40219.1
Project("{8BC9CEB8-8B4A-11D0-8D11-00A0C91BC942}") = "Livox_Simulation_PSO", "Livox_Simulation_PSO\Livox_Simulation_PSO.vcxproj", "{B1528FCC-75E5-41C6-90AB-525E3DC4AEEC}"
EndProject
Global
	GlobalSection(SolutionConfigurationPlatforms) = preSolution
		Debug|x64 = Debug|x64
		Debug|x86 = Debug|x86
		Release|x64 = Release|x64
		Release|x86 = Release|x86
	EndGlobalSection
	GlobalSection(ProjectConfigurationPlatforms) = postSolution
		{B1528FCC-75E5-41C6-90AB-525E3DC4AEEC}.Debug|x64.ActiveCfg = Debug|x64
		{B1528FCC-75E5-41C6-90AB-525E3DC4AEEC}.Debug|x64.Build.0 = Debug|x64
		{B1528FCC-75E5-41C6-90AB-525E3DC4AEEC}.Debug|x86.ActiveCfg = Debug|Win32
		{B1528FCC-75E5-41C6-90AB-525E3DC4AEEC}.Debug|x86.Build.0 = Debug|Win32
		{B1528FCC-75E5-41C6-90AB-525E3DC4AEEC}.Release|x64.ActiveCfg = Release|x64
		{B1528FCC-75E5-41C6-90AB-525E3DC4AEEC}.Release|x64.Build.0 = Release|x64
		{B1528FCC-75E5-41C6-90AB-525E3DC4AEEC}.Release|x86.ActiveCfg = Release|Win32
		{B1528FCC-75E5-41C6-90AB-525E3DC4AEEC}.Release|x86.Build.0 = Release|Win32
	EndGlobalSection
	GlobalSection(SolutionProperties) = preSolution
		HideSolutionNode = FALSE
	EndGlobalSection
	GlobalSection(ExtensibilityGlobals) = postSolution
		SolutionGuid = {4BC50FB3-DB87-48AB-BE6F-75B6320A1D09}
	EndGlobalSection
EndGlobal
